
Microsoft Visual Studio Solution File, Format Version 12.00
# Visual Studio Version 17
VisualStudioVersion = 17.0.31903.59
MinimumVisualStudioVersion = 10.0.40219.1
Project("{2150E333-8FDC-42A3-9474-1A3956D46DE8}") = "src", "src", "{177AE267-9301-4E36-B5D7-A22EE82B1F53}"
EndProject
Project("{FAE04EC0-301F-11D3-BF4B-00C04F79EFBC}") = "BitWrite.Abstraction", "src\BitWrite.Abstraction\BitWrite.Abstraction.csproj", "{8D96BF9C-8B22-4298-9A89-9569F9F60515}"
EndProject
Project("{FAE04EC0-301F-11D3-BF4B-00C04F79EFBC}") = "BitWrite.Core", "src\BitWrite.Core\BitWrite.Core.csproj", "{FDE63E86-2326-4577-B1C7-C7C072E184FD}"
EndProject
Global
	GlobalSection(SolutionConfigurationPlatforms) = preSolution
		Debug|Any CPU = Debug|Any CPU
		Release|Any CPU = Release|Any CPU
	EndGlobalSection
	GlobalSection(SolutionProperties) = preSolution
		HideSolutionNode = FALSE
	EndGlobalSection
	GlobalSection(ProjectConfigurationPlatforms) = postSolution
		{8D96BF9C-8B22-4298-9A89-9569F9F60515}.Debug|Any CPU.ActiveCfg = Debug|Any CPU
		{8D96BF9C-8B22-4298-9A89-9569F9F60515}.Debug|Any CPU.Build.0 = Debug|Any CPU
		{8D96BF9C-8B22-4298-9A89-9569F9F60515}.Release|Any CPU.ActiveCfg = Release|Any CPU
		{8D96BF9C-8B22-4298-9A89-9569F9F60515}.Release|Any CPU.Build.0 = Release|Any CPU
		{FDE63E86-2326-4577-B1C7-C7C072E184FD}.Debug|Any CPU.ActiveCfg = Debug|Any CPU
		{FDE63E86-2326-4577-B1C7-C7C072E184FD}.Debug|Any CPU.Build.0 = Debug|Any CPU
		{FDE63E86-2326-4577-B1C7-C7C072E184FD}.Release|Any CPU.ActiveCfg = Release|Any CPU
		{FDE63E86-2326-4577-B1C7-C7C072E184FD}.Release|Any CPU.Build.0 = Release|Any CPU
	EndGlobalSection
	GlobalSection(NestedProjects) = preSolution
		{8D96BF9C-8B22-4298-9A89-9569F9F60515} = {177AE267-9301-4E36-B5D7-A22EE82B1F53}
		{FDE63E86-2326-4577-B1C7-C7C072E184FD} = {177AE267-9301-4E36-B5D7-A22EE82B1F53}
	EndGlobalSection
EndGlobal
